PODS:
  - Ji (5.0.0)
  - ReadabilityKit (0.7.3):
    - Ji (= 5.0.0)
  - SwiftLint (0.35.0)

DEPENDENCIES:
  - ReadabilityKit
  - SwiftLint

SPEC REPOS:
  trunk:
    - Ji
    - ReadabilityKit
    - SwiftLint

SPEC CHECKSUMS:
  Ji: d795fed288fe78658b404c88946d753b17d8d7f4
  ReadabilityKit: d28ec50a317067fd1c06aa6518b05171bb19ce47
  SwiftLint: 5553187048b900c91aa03552807681bb6b027846

PODFILE CHECKSUM: a8d9ce589a0b40a9376c25251169b0eff6d0275f

COCOAPODS: 1.8.3
